
Microsoft Visual Studio Solution File, Format Version 12.00
# Visual Studio Version 16
VisualStudioVersion = 16.0.29215.179
MinimumVisualStudioVersion = 10.0.40219.1
Project("{FAE04EC0-301F-11D3-BF4B-00C04F79EFBC}") = "wjkYouTupe", "wjkYouTupe.csproj", "{5AE9B00C-09A4-489A-A0A9-518B164D1B67}"
EndProject
Project("{930C7802-8A8C-48F9-8165-68863BCCD9DD}") = "wjkYouTubeDownSetup", "..\wjkYouTubeDownSetup\wjkYouTubeDownSetup.wixproj", "{92EEEFEB-4C4D-4FFD-96BC-02E2FD93052D}"
EndProject
Project("{FAE04EC0-301F-11D3-BF4B-00C04F79EFBC}") = "wjkYouTubeApp", "..\wjkYouTubeApp\wjkYouTubeApp.csproj", "{7E8A8B37-1067-426C-A646-07D4D137D12E}"
EndProject
Project("{2150E333-8FDC-42A3-9474-1A3956D46DE8}") = "Solution Items", "Solution Items", "{9A75C318-2A3D-4C05-B83B-039545C29E21}"
	ProjectSection(SolutionItems) = preProject
		.editorconfig = .editorconfig
	EndProjectSection
EndProject
Project("{9A19103F-16F7-4668-BE54-9A1E7A4F7556}") = "libvideo", "..\libvideo-master\src\libvideo\libvideo.csproj", "{96BB6C32-08BA-4669-926F-68AC07AE4251}"
EndProject
Project("{FAE04EC0-301F-11D3-BF4B-00C04F79EFBC}") = "wjkVideoRessDB", "..\wjkVideoRessDB\wjkVideoRessDB.csproj", "{DCEE5255-1B46-46D0-9750-C802046A7A20}"
EndProject
Global
	GlobalSection(SolutionConfigurationPlatforms) = preSolution
		Debug|Any CPU = Debug|Any CPU
		Debug|ARM = Debug|ARM
		Debug|ARM64 = Debug|ARM64
		Debug|x64 = Debug|x64
		Debug|x86 = Debug|x86
		Release|Any CPU = Release|Any CPU
		Release|ARM = Release|ARM
		Release|ARM64 = Release|ARM64
		Release|x64 = Release|x64
		Release|x86 = Release|x86
	EndGlobalSection
	GlobalSection(ProjectConfigurationPlatforms) = postSolution
		{5AE9B00C-09A4-489A-A0A9-518B164D1B67}.Debug|Any CPU.ActiveCfg = Debug|Any CPU
		{5AE9B00C-09A4-489A-A0A9-518B164D1B67}.Debug|Any CPU.Build.0 = Debug|Any CPU
		{5AE9B00C-09A4-489A-A0A9-518B164D1B67}.Debug|ARM.ActiveCfg = Debug|Any CPU
		{5AE9B00C-09A4-489A-A0A9-518B164D1B67}.Debug|ARM.Build.0 = Debug|Any CPU
		{5AE9B00C-09A4-489A-A0A9-518B164D1B67}.Debug|ARM64.ActiveCfg = Debug|Any CPU
		{5AE9B00C-09A4-489A-A0A9-518B164D1B67}.Debug|ARM64.Build.0 = Debug|Any CPU
		{5AE9B00C-09A4-489A-A0A9-518B164D1B67}.Debug|x64.ActiveCfg = Debug|Any CPU
		{5AE9B00C-09A4-489A-A0A9-518B164D1B67}.Debug|x64.Build.0 = Debug|Any CPU
		{5AE9B00C-09A4-489A-A0A9-518B164D1B67}.Debug|x86.ActiveCfg = Debug|Any CPU
		{5AE9B00C-09A4-489A-A0A9-518B164D1B67}.Debug|x86.Build.0 = Debug|Any CPU
		{5AE9B00C-09A4-489A-A0A9-518B164D1B67}.Release|Any CPU.ActiveCfg = Release|Any CPU
		{5AE9B00C-09A4-489A-A0A9-518B164D1B67}.Release|Any CPU.Build.0 = Release|Any CPU
		{5AE9B00C-09A4-489A-A0A9-518B164D1B67}.Release|ARM.ActiveCfg = Release|Any CPU
		{5AE9B00C-09A4-489A-A0A9-518B164D1B67}.Release|ARM.Build.0 = Release|Any CPU
		{5AE9B00C-09A4-489A-A0A9-518B164D1B67}.Release|ARM64.ActiveCfg = Release|Any CPU
		{5AE9B00C-09A4-489A-A0A9-518B164D1B67}.Release|ARM64.Build.0 = Release|Any CPU
		{5AE9B00C-09A4-489A-A0A9-518B164D1B67}.Release|x64.ActiveCfg = Release|Any CPU
		{5AE9B00C-09A4-489A-A0A9-518B164D1B67}.Release|x64.Build.0 = Release|Any CPU
		{5AE9B00C-09A4-489A-A0A9-518B164D1B67}.Release|x86.ActiveCfg = Release|Any CPU
		{5AE9B00C-09A4-489A-A0A9-518B164D1B67}.Release|x86.Build.0 = Release|Any CPU
		{92EEEFEB-4C4D-4FFD-96BC-02E2FD93052D}.Debug|Any CPU.ActiveCfg = Debug|x86
		{92EEEFEB-4C4D-4FFD-96BC-02E2FD93052D}.Debug|ARM.ActiveCfg = Debug|x86
		{92EEEFEB-4C4D-4FFD-96BC-02E2FD93052D}.Debug|ARM64.ActiveCfg = Debug|x86
		{92EEEFEB-4C4D-4FFD-96BC-02E2FD93052D}.Debug|x64.ActiveCfg = Debug|x86
		{92EEEFEB-4C4D-4FFD-96BC-02E2FD93052D}.Debug|x86.ActiveCfg = Debug|x86
		{92EEEFEB-4C4D-4FFD-96BC-02E2FD93052D}.Debug|x86.Build.0 = Debug|x86
		{92EEEFEB-4C4D-4FFD-96BC-02E2FD93052D}.Release|Any CPU.ActiveCfg = Release|x86
		{92EEEFEB-4C4D-4FFD-96BC-02E2FD93052D}.Release|ARM.ActiveCfg = Release|x86
		{92EEEFEB-4C4D-4FFD-96BC-02E2FD93052D}.Release|ARM64.ActiveCfg = Release|x86
		{92EEEFEB-4C4D-4FFD-96BC-02E2FD93052D}.Release|x64.ActiveCfg = Release|x86
		{92EEEFEB-4C4D-4FFD-96BC-02E2FD93052D}.Release|x86.ActiveCfg = Release|x86
		{92EEEFEB-4C4D-4FFD-96BC-02E2FD93052D}.Release|x86.Build.0 = Release|x86
		{7E8A8B37-1067-426C-A646-07D4D137D12E}.Debug|Any CPU.ActiveCfg = Debug|x86
		{7E8A8B37-1067-426C-A646-07D4D137D12E}.Debug|ARM.ActiveCfg = Debug|ARM
		{7E8A8B37-1067-426C-A646-07D4D137D12E}.Debug|ARM.Build.0 = Debug|ARM
		{7E8A8B37-1067-426C-A646-07D4D137D12E}.Debug|ARM.Deploy.0 = Debug|ARM
		{7E8A8B37-1067-426C-A646-07D4D137D12E}.Debug|ARM64.ActiveCfg = Debug|ARM64
		{7E8A8B37-1067-426C-A646-07D4D137D12E}.Debug|ARM64.Build.0 = Debug|ARM64
		{7E8A8B37-1067-426C-A646-07D4D137D12E}.Debug|ARM64.Deploy.0 = Debug|ARM64
		{7E8A8B37-1067-426C-A646-07D4D137D12E}.Debug|x64.ActiveCfg = Debug|x64
		{7E8A8B37-1067-426C-A646-07D4D137D12E}.Debug|x64.Build.0 = Debug|x64
		{7E8A8B37-1067-426C-A646-07D4D137D12E}.Debug|x64.Deploy.0 = Debug|x64
		{7E8A8B37-1067-426C-A646-07D4D137D12E}.Debug|x86.ActiveCfg = Debug|x86
		{7E8A8B37-1067-426C-A646-07D4D137D12E}.Debug|x86.Build.0 = Debug|x86
		{7E8A8B37-1067-426C-A646-07D4D137D12E}.Debug|x86.Deploy.0 = Debug|x86
		{7E8A8B37-1067-426C-A646-07D4D137D12E}.Release|Any CPU.ActiveCfg = Release|x86
		{7E8A8B37-1067-426C-A646-07D4D137D12E}.Release|ARM.ActiveCfg = Release|ARM
		{7E8A8B37-1067-426C-A646-07D4D137D12E}.Release|ARM.Build.0 = Release|ARM
		{7E8A8B37-1067-426C-A646-07D4D137D12E}.Release|ARM.Deploy.0 = Release|ARM
		{7E8A8B37-1067-426C-A646-07D4D137D12E}.Release|ARM64.ActiveCfg = Release|ARM64
		{7E8A8B37-1067-426C-A646-07D4D137D12E}.Release|ARM64.Build.0 = Release|ARM64
		{7E8A8B37-1067-426C-A646-07D4D137D12E}.Release|ARM64.Deploy.0 = Release|ARM64
		{7E8A8B37-1067-426C-A646-07D4D137D12E}.Release|x64.ActiveCfg = Release|x64
		{7E8A8B37-1067-426C-A646-07D4D137D12E}.Release|x64.Build.0 = Release|x64
		{7E8A8B37-1067-426C-A646-07D4D137D12E}.Release|x64.Deploy.0 = Release|x64
		{7E8A8B37-1067-426C-A646-07D4D137D12E}.Release|x86.ActiveCfg = Release|x86
		{7E8A8B37-1067-426C-A646-07D4D137D12E}.Release|x86.Build.0 = Release|x86
		{7E8A8B37-1067-426C-A646-07D4D137D12E}.Release|x86.Deploy.0 = Release|x86
		{96BB6C32-08BA-4669-926F-68AC07AE4251}.Debug|Any CPU.ActiveCfg = Debug|Any CPU
		{96BB6C32-08BA-4669-926F-68AC07AE4251}.Debug|ARM.ActiveCfg = Debug|Any CPU
		{96BB6C32-08BA-4669-926F-68AC07AE4251}.Debug|ARM.Build.0 = Debug|Any CPU
		{96BB6C32-08BA-4669-926F-68AC07AE4251}.Debug|ARM64.ActiveCfg = Debug|Any CPU
		{96BB6C32-08BA-4669-926F-68AC07AE4251}.Debug|ARM64.Build.0 = Debug|Any CPU
		{96BB6C32-08BA-4669-926F-68AC07AE4251}.Debug|x64.ActiveCfg = Debug|Any CPU
		{96BB6C32-08BA-4669-926F-68AC07AE4251}.Debug|x64.Build.0 = Debug|Any CPU
		{96BB6C32-08BA-4669-926F-68AC07AE4251}.Debug|x86.ActiveCfg = Debug|Any CPU
		{96BB6C32-08BA-4669-926F-68AC07AE4251}.Debug|x86.Build.0 = Debug|Any CPU
		{96BB6C32-08BA-4669-926F-68AC07AE4251}.Release|Any CPU.ActiveCfg = Release|Any CPU
		{96BB6C32-08BA-4669-926F-68AC07AE4251}.Release|Any CPU.Build.0 = Release|Any CPU
		{96BB6C32-08BA-4669-926F-68AC07AE4251}.Release|ARM.ActiveCfg = Release|Any CPU
		{96BB6C32-08BA-4669-926F-68AC07AE4251}.Release|ARM.Build.0 = Release|Any CPU
		{96BB6C32-08BA-4669-926F-68AC07AE4251}.Release|ARM64.ActiveCfg = Release|Any CPU
		{96BB6C32-08BA-4669-926F-68AC07AE4251}.Release|ARM64.Build.0 = Release|Any CPU
		{96BB6C32-08BA-4669-926F-68AC07AE4251}.Release|x64.ActiveCfg = Release|Any CPU
		{96BB6C32-08BA-4669-926F-68AC07AE4251}.Release|x64.Build.0 = Release|Any CPU
		{96BB6C32-08BA-4669-926F-68AC07AE4251}.Release|x86.ActiveCfg = Release|Any CPU
		{96BB6C32-08BA-4669-926F-68AC07AE4251}.Release|x86.Build.0 = Release|Any CPU
		{DCEE5255-1B46-46D0-9750-C802046A7A20}.Debug|Any CPU.ActiveCfg = Debug|Any CPU
		{DCEE5255-1B46-46D0-9750-C802046A7A20}.Debug|Any CPU.Build.0 = Debug|Any CPU
		{DCEE5255-1B46-46D0-9750-C802046A7A20}.Debug|ARM.ActiveCfg = Debug|Any CPU
		{DCEE5255-1B46-46D0-9750-C802046A7A20}.Debug|ARM.Build.0 = Debug|Any CPU
		{DCEE5255-1B46-46D0-9750-C802046A7A20}.Debug|ARM64.ActiveCfg = Debug|Any CPU
		{DCEE5255-1B46-46D0-9750-C802046A7A20}.Debug|ARM64.Build.0 = Debug|Any CPU
		{DCEE5255-1B46-46D0-9750-C802046A7A20}.Debug|x64.ActiveCfg = Debug|Any CPU
		{DCEE5255-1B46-46D0-9750-C802046A7A20}.Debug|x64.Build.0 = Debug|Any CPU
		{DCEE5255-1B46-46D0-9750-C802046A7A20}.Debug|x86.ActiveCfg = Debug|Any CPU
		{DCEE5255-1B46-46D0-9750-C802046A7A20}.Debug|x86.Build.0 = Debug|Any CPU
		{DCEE5255-1B46-46D0-9750-C802046A7A20}.Release|Any CPU.ActiveCfg = Release|Any CPU
		{DCEE5255-1B46-46D0-9750-C802046A7A20}.Release|Any CPU.Build.0 = Release|Any CPU
		{DCEE5255-1B46-46D0-9750-C802046A7A20}.Release|ARM.ActiveCfg = Release|Any CPU
		{DCEE5255-1B46-46D0-9750-C802046A7A20}.Release|ARM.Build.0 = Release|Any CPU
		{DCEE5255-1B46-46D0-9750-C802046A7A20}.Release|ARM64.ActiveCfg = Release|Any CPU
		{DCEE5255-1B46-46D0-9750-C802046A7A20}.Release|ARM64.Build.0 = Release|Any CPU
		{DCEE5255-1B46-46D0-9750-C802046A7A20}.Release|x64.ActiveCfg = Release|Any CPU
		{DCEE5255-1B46-46D0-9750-C802046A7A20}.Release|x64.Build.0 = Release|Any CPU
		{DCEE5255-1B46-46D0-9750-C802046A7A20}.Release|x86.ActiveCfg = Release|Any CPU
		{DCEE5255-1B46-46D0-9750-C802046A7A20}.Release|x86.Build.0 = Release|Any CPU
	EndGlobalSection
	GlobalSection(SolutionProperties) = preSolution
		HideSolutionNode = FALSE
	EndGlobalSection
	GlobalSection(ExtensibilityGlobals) = postSolution
		SolutionGuid = {55E09740-FE92-4603-882B-13A87B862625}
	EndGlobalSection
EndGlobal
